{
  "sources": {
    "openstack-sandbox": {
      "path": "."
    },
    "apt": {
      "locked_version": "1.10.0"
    },
    "mysql": {
      "locked_version": "3.0.0"
    },
    "openssl": {
      "locked_version": "1.0.2"
    },
    "build-essential": {
      "locked_version": "1.4.0"
    }
  }
}
